// !$*UTF8*$!
{
	archiveVersion = 1;
	classes = {
	};
	objectVersion = 77;
	objects = {

/* Begin PBXBuildFile section */
		0777CE5DF1100F079D012FEE /* StatusPanelViewModel.swift in Sources */ = {isa = PBXBuildFile; fileRef = 1D2A68E18859087FDECE2030 /* StatusPanelViewModel.swift */; };
		08F8F8268F17A6BB579C29A4 /* ShortcutManager.swift in Sources */ = {isa = PBXBuildFile; fileRef = E4AE4459614E88846D38FC3E /* ShortcutManager.swift */; };
		25DEC9E1B465F313472D7944 /* StatusPanelView.swift in Sources */ = {isa = PBXBuildFile; fileRef = D890CA6F7B69B61E3FEB566E /* StatusPanelView.swift */; };
		267C9E58CC635208243DC33B /* CoreAudio.framework in Frameworks */ = {isa = PBXBuildFile; fileRef = E5FA3A581A678762801BEF8A /* CoreAudio.framework */; };
		36F3E0BC45A7D6359355C01B /* KeyboardShortcuts in Frameworks */ = {isa = PBXBuildFile; productRef = B6D686FB7744045773898F27 /* KeyboardShortcuts */; };
		3E2FDBF71DC5E575CDFA6014 /* ModeProcessor.swift in Sources */ = {isa = PBXBuildFile; fileRef = 6E79A466290CA8761E783FAE /* ModeProcessor.swift */; };
		3FA7FB275C280983C9C22AA2 /* OnboardingView.swift in Sources */ = {isa = PBXBuildFile; fileRef = 3859001B87688555C43F1897 /* OnboardingView.swift */; };
		4300BB805F5629B16A8659C3 /* SettingsView.swift in Sources */ = {isa = PBXBuildFile; fileRef = C203490056D9249E43F16113 /* SettingsView.swift */; };
		4D4F01FC9ACA55E62478A8A9 /* AppInfo.swift in Sources */ = {isa = PBXBuildFile; fileRef = C7563138D9880266FA772ECF /* AppInfo.swift */; };
		5ECE84548F90AFA7E7C65828 /* PermissionsManager.swift in Sources */ = {isa = PBXBuildFile; fileRef = C7A9F2E671A9B5B1A61F6F7B /* PermissionsManager.swift */; };
		64EBA98BCC8FD1F558D860C5 /* VoiceflowDesktopApp.swift in Sources */ = {isa = PBXBuildFile; fileRef = 2E456E2C7A596699548CB6B3 /* VoiceflowDesktopApp.swift */; };
		71E1D703CE2BABDD76AA419A /* HistoryStore.swift in Sources */ = {isa = PBXBuildFile; fileRef = 768F27D8149E7D8144BAD286 /* HistoryStore.swift */; };
		80681A89C12E9E70ADD966D2 /* SettingsViewModel.swift in Sources */ = {isa = PBXBuildFile; fileRef = D263E9D2AEE6F1A5E6B3B6D7 /* SettingsViewModel.swift */; };
		81695A95F06F15DC159F53E0 /* AudioToolbox.framework in Frameworks */ = {isa = PBXBuildFile; fileRef = A0C8A93DE5C2E1C773207B17 /* AudioToolbox.framework */; };
		9625DE809DF647E41737ED3F /* AppDelegate.swift in Sources */ = {isa = PBXBuildFile; fileRef = FA1019C2601FF3C184A5A05C /* AppDelegate.swift */; };
		9BF714C42461818F5C317E3F /* MenuBarController.swift in Sources */ = {isa = PBXBuildFile; fileRef = 79F3DF5D8238CBCF9FFA3DC7 /* MenuBarController.swift */; };
		9FFDDCED614C4AB971B5FDAB /* OutputService.swift in Sources */ = {isa = PBXBuildFile; fileRef = 80DCE96D78B121E661317F8E /* OutputService.swift */; };
		ADA6D209374EF59689E10910 /* KeychainStore.swift in Sources */ = {isa = PBXBuildFile; fileRef = 69200CC3359B433509E3E7C5 /* KeychainStore.swift */; };
		BFC7F07FDBE91D0B21E5B491 /* AppSettings.swift in Sources */ = {isa = PBXBuildFile; fileRef = 04D4C6EFEA4878EB003EAB92 /* AppSettings.swift */; };
		C81E7932DD337171B42A703D /* RecordingService.swift in Sources */ = {isa = PBXBuildFile; fileRef = 88CF41F43ECF611F7DF15B6D /* RecordingService.swift */; };
		D3F9AC07E2D057F78375514A /* CoreGraphics.framework in Frameworks */ = {isa = PBXBuildFile; fileRef = BC106B3EE1B1B5DC57FC7CE9 /* CoreGraphics.framework */; };
		D6A966006881517287550B2A /* Config.swift in Sources */ = {isa = PBXBuildFile; fileRef = 1278BBE0DFB6124FCF67EED0 /* Config.swift */; };
		DCF789D429F2BB9CE7DA60B5 /* SettingsService.swift in Sources */ = {isa = PBXBuildFile; fileRef = 986870957B3F79F64AE93655 /* SettingsService.swift */; };
		EB540EAED89116210C1D9FDF /* TranscriptionService.swift in Sources */ = {isa = PBXBuildFile; fileRef = 45CB5B9F9FDAE3AACF8FE483 /* TranscriptionService.swift */; };
		FC8CA7E3D7E29EEF8E17EBC4 /* OpenAIClient.swift in Sources */ = {isa = PBXBuildFile; fileRef = 9694776FC320681A74AFC58C /* OpenAIClient.swift */; };
/* End PBXBuildFile section */

/* Begin PBXFileReference section */
		04D4C6EFEA4878EB003EAB92 /* AppSettings.swift */ = {isa = PBXFileReference; lastKnownFileType = sourcecode.swift; path = AppSettings.swift; sourceTree = "<group>"; };
		0C747F1BF22B506D33DD7CF9 /* VoiceflowDesktop-adhoc.entitlements */ = {isa = PBXFileReference; lastKnownFileType = text.plist.entitlements; path = "VoiceflowDesktop-adhoc.entitlements"; sourceTree = "<group>"; };
		1278BBE0DFB6124FCF67EED0 /* Config.swift */ = {isa = PBXFileReference; lastKnownFileType = sourcecode.swift; path = Config.swift; sourceTree = "<group>"; };
		1D2A68E18859087FDECE2030 /* StatusPanelViewModel.swift */ = {isa = PBXFileReference; lastKnownFileType = sourcecode.swift; path = StatusPanelViewModel.swift; sourceTree = "<group>"; };
		2E456E2C7A596699548CB6B3 /* VoiceflowDesktopApp.swift */ = {isa = PBXFileReference; lastKnownFileType = sourcecode.swift; path = VoiceflowDesktopApp.swift; sourceTree = "<group>"; };
		3859001B87688555C43F1897 /* OnboardingView.swift */ = {isa = PBXFileReference; lastKnownFileType = sourcecode.swift; path = OnboardingView.swift; sourceTree = "<group>"; };
		45CB5B9F9FDAE3AACF8FE483 /* TranscriptionService.swift */ = {isa = PBXFileReference; lastKnownFileType = sourcecode.swift; path = TranscriptionService.swift; sourceTree = "<group>"; };
		69200CC3359B433509E3E7C5 /* KeychainStore.swift */ = {isa = PBXFileReference; lastKnownFileType = sourcecode.swift; path = KeychainStore.swift; sourceTree = "<group>"; };
		6E79A466290CA8761E783FAE /* ModeProcessor.swift */ = {isa = PBXFileReference; lastKnownFileType = sourcecode.swift; path = ModeProcessor.swift; sourceTree = "<group>"; };
		768F27D8149E7D8144BAD286 /* HistoryStore.swift */ = {isa = PBXFileReference; lastKnownFileType = sourcecode.swift; path = HistoryStore.swift; sourceTree = "<group>"; };
		79F3DF5D8238CBCF9FFA3DC7 /* MenuBarController.swift */ = {isa = PBXFileReference; lastKnownFileType = sourcecode.swift; path = MenuBarController.swift; sourceTree = "<group>"; };
		80DCE96D78B121E661317F8E /* OutputService.swift */ = {isa = PBXFileReference; lastKnownFileType = sourcecode.swift; path = OutputService.swift; sourceTree = "<group>"; };
		88CF41F43ECF611F7DF15B6D /* RecordingService.swift */ = {isa = PBXFileReference; lastKnownFileType = sourcecode.swift; path = RecordingService.swift; sourceTree = "<group>"; };
		9694776FC320681A74AFC58C /* OpenAIClient.swift */ = {isa = PBXFileReference; lastKnownFileType = sourcecode.swift; path = OpenAIClient.swift; sourceTree = "<group>"; };
		986870957B3F79F64AE93655 /* SettingsService.swift */ = {isa = PBXFileReference; lastKnownFileType = sourcecode.swift; path = SettingsService.swift; sourceTree = "<group>"; };
		A0C8A93DE5C2E1C773207B17 /* AudioToolbox.framework */ = {isa = PBXFileReference; lastKnownFileType = wrapper.framework; name = AudioToolbox.framework; path = System/Library/Frameworks/AudioToolbox.framework; sourceTree = SDKROOT; };
		BC106B3EE1B1B5DC57FC7CE9 /* CoreGraphics.framework */ = {isa = PBXFileReference; lastKnownFileType = wrapper.framework; name = CoreGraphics.framework; path = System/Library/Frameworks/CoreGraphics.framework; sourceTree = SDKROOT; };
		C203490056D9249E43F16113 /* SettingsView.swift */ = {isa = PBXFileReference; lastKnownFileType = sourcecode.swift; path = SettingsView.swift; sourceTree = "<group>"; };
		C7563138D9880266FA772ECF /* AppInfo.swift */ = {isa = PBXFileReference; lastKnownFileType = sourcecode.swift; path = AppInfo.swift; sourceTree = "<group>"; };
		C7A9F2E671A9B5B1A61F6F7B /* PermissionsManager.swift */ = {isa = PBXFileReference; lastKnownFileType = sourcecode.swift; path = PermissionsManager.swift; sourceTree = "<group>"; };
		D263E9D2AEE6F1A5E6B3B6D7 /* SettingsViewModel.swift */ = {isa = PBXFileReference; lastKnownFileType = sourcecode.swift; path = SettingsViewModel.swift; sourceTree = "<group>"; };
		D890CA6F7B69B61E3FEB566E /* StatusPanelView.swift */ = {isa = PBXFileReference; lastKnownFileType = sourcecode.swift; path = StatusPanelView.swift; sourceTree = "<group>"; };
		E4AE4459614E88846D38FC3E /* ShortcutManager.swift */ = {isa = PBXFileReference; lastKnownFileType = sourcecode.swift; path = ShortcutManager.swift; sourceTree = "<group>"; };
		E5FA3A581A678762801BEF8A /* CoreAudio.framework */ = {isa = PBXFileReference; lastKnownFileType = wrapper.framework; name = CoreAudio.framework; path = System/Library/Frameworks/CoreAudio.framework; sourceTree = SDKROOT; };
		F9A38204F9282ADCE15BC018 /* VoiceflowDesktop.app */ = {isa = PBXFileReference; explicitFileType = wrapper.application; includeInIndex = 0; path = VoiceflowDesktop.app; sourceTree = BUILT_PRODUCTS_DIR; };
		FA1019C2601FF3C184A5A05C /* AppDelegate.swift */ = {isa = PBXFileReference; lastKnownFileType = sourcecode.swift; path = AppDelegate.swift; sourceTree = "<group>"; };
/* End PBXFileReference section */

/* Begin PBXFrameworksBuildPhase section */
		BD80591AA0A3E2B643BFAED9 /* Frameworks */ = {
			isa = PBXFrameworksBuildPhase;
			buildActionMask = 2147483647;
			files = (
				36F3E0BC45A7D6359355C01B /* KeyboardShortcuts in Frameworks */,
				267C9E58CC635208243DC33B /* CoreAudio.framework in Frameworks */,
				81695A95F06F15DC159F53E0 /* AudioToolbox.framework in Frameworks */,
				D3F9AC07E2D057F78375514A /* CoreGraphics.framework in Frameworks */,
			);
			runOnlyForDeploymentPostprocessing = 0;
		};
/* End PBXFrameworksBuildPhase section */

/* Begin PBXGroup section */
		00F51720B2341B464059D3F5 /* Settings */ = {
			isa = PBXGroup;
			children = (
				04D4C6EFEA4878EB003EAB92 /* AppSettings.swift */,
				986870957B3F79F64AE93655 /* SettingsService.swift */,
			);
			path = Settings;
			sourceTree = "<group>";
		};
		0324C017D45034FF55213425 /* Output */ = {
			isa = PBXGroup;
			children = (
				80DCE96D78B121E661317F8E /* OutputService.swift */,
			);
			path = Output;
			sourceTree = "<group>";
		};
		1BE7453690BFCF9286A78B35 /* Products */ = {
			isa = PBXGroup;
			children = (
				F9A38204F9282ADCE15BC018 /* VoiceflowDesktop.app */,
			);
			name = Products;
			sourceTree = "<group>";
		};
		2ADE5C28E4C7BB042B4391EB /* Processing */ = {
			isa = PBXGroup;
			children = (
				6E79A466290CA8761E783FAE /* ModeProcessor.swift */,
			);
			path = Processing;
			sourceTree = "<group>";
		};
		4091656200CBE161CFDE8E75 /* VoiceflowDesktop */ = {
			isa = PBXGroup;
			children = (
				85647E69AF6BF8F4BD6E5CF3 /* App */,
				CFD1A8EA7A0DE38AC2DFE626 /* Core */,
				9DD107E5A0A718640EEDB454 /* Features */,
				A8A892FED312B3C49731C893 /* Permissions */,
				A00938A9DA92AB1BB943CF54 /* Resources */,
				843117B1EC89EFCFA5EB8463 /* Shortcuts */,
			);
			path = VoiceflowDesktop;
			sourceTree = "<group>";
		};
		547EAED2B55204E09F29393E /* StatusPanel */ = {
			isa = PBXGroup;
			children = (
				D890CA6F7B69B61E3FEB566E /* StatusPanelView.swift */,
				1D2A68E18859087FDECE2030 /* StatusPanelViewModel.swift */,
			);
			path = StatusPanel;
			sourceTree = "<group>";
		};
		5757A6B5C09C6763F5B0A66A /* Frameworks */ = {
			isa = PBXGroup;
			children = (
				A0C8A93DE5C2E1C773207B17 /* AudioToolbox.framework */,
				E5FA3A581A678762801BEF8A /* CoreAudio.framework */,
				BC106B3EE1B1B5DC57FC7CE9 /* CoreGraphics.framework */,
			);
			name = Frameworks;
			sourceTree = "<group>";
		};
		739260BE9C1108D1B9C338E0 /* Logging */ = {
			isa = PBXGroup;
			children = (
				768F27D8149E7D8144BAD286 /* HistoryStore.swift */,
			);
			path = Logging;
			sourceTree = "<group>";
		};
		83BE3F79BEFEEF45D676376B /* Settings */ = {
			isa = PBXGroup;
			children = (
				C203490056D9249E43F16113 /* SettingsView.swift */,
				D263E9D2AEE6F1A5E6B3B6D7 /* SettingsViewModel.swift */,
			);
			path = Settings;
			sourceTree = "<group>";
		};
		843117B1EC89EFCFA5EB8463 /* Shortcuts */ = {
			isa = PBXGroup;
			children = (
				E4AE4459614E88846D38FC3E /* ShortcutManager.swift */,
			);
			path = Shortcuts;
			sourceTree = "<group>";
		};
		85647E69AF6BF8F4BD6E5CF3 /* App */ = {
			isa = PBXGroup;
			children = (
				FA1019C2601FF3C184A5A05C /* AppDelegate.swift */,
				2E456E2C7A596699548CB6B3 /* VoiceflowDesktopApp.swift */,
			);
			path = App;
			sourceTree = "<group>";
		};
		9DD107E5A0A718640EEDB454 /* Features */ = {
			isa = PBXGroup;
			children = (
				C47CB87F36F6007FA6F4C824 /* MenuBar */,
				A05B61F873EAD2B657A8409C /* Onboarding */,
				83BE3F79BEFEEF45D676376B /* Settings */,
				547EAED2B55204E09F29393E /* StatusPanel */,
			);
			path = Features;
			sourceTree = "<group>";
		};
		A00938A9DA92AB1BB943CF54 /* Resources */ = {
			isa = PBXGroup;
			children = (
				0C747F1BF22B506D33DD7CF9 /* VoiceflowDesktop-adhoc.entitlements */,
			);
			path = Resources;
			sourceTree = "<group>";
		};
		A0235D5B545AFCB54D55CE2E /* Transcription */ = {
			isa = PBXGroup;
			children = (
				45CB5B9F9FDAE3AACF8FE483 /* TranscriptionService.swift */,
			);
			path = Transcription;
			sourceTree = "<group>";
		};
		A05B61F873EAD2B657A8409C /* Onboarding */ = {
			isa = PBXGroup;
			children = (
				3859001B87688555C43F1897 /* OnboardingView.swift */,
			);
			path = Onboarding;
			sourceTree = "<group>";
		};
		A8A892FED312B3C49731C893 /* Permissions */ = {
			isa = PBXGroup;
			children = (
				C7A9F2E671A9B5B1A61F6F7B /* PermissionsManager.swift */,
			);
			path = Permissions;
			sourceTree = "<group>";
		};
		BC76843FFE9518EB41C63A52 /* Recording */ = {
			isa = PBXGroup;
			children = (
				88CF41F43ECF611F7DF15B6D /* RecordingService.swift */,
			);
			path = Recording;
			sourceTree = "<group>";
		};
		C47CB87F36F6007FA6F4C824 /* MenuBar */ = {
			isa = PBXGroup;
			children = (
				79F3DF5D8238CBCF9FFA3DC7 /* MenuBarController.swift */,
			);
			path = MenuBar;
			sourceTree = "<group>";
		};
		CE084C090587E4F9368728A8 = {
			isa = PBXGroup;
			children = (
				4091656200CBE161CFDE8E75 /* VoiceflowDesktop */,
				5757A6B5C09C6763F5B0A66A /* Frameworks */,
				1BE7453690BFCF9286A78B35 /* Products */,
			);
			sourceTree = "<group>";
		};
		CFD1A8EA7A0DE38AC2DFE626 /* Core */ = {
			isa = PBXGroup;
			children = (
				C7563138D9880266FA772ECF /* AppInfo.swift */,
				1278BBE0DFB6124FCF67EED0 /* Config.swift */,
				69200CC3359B433509E3E7C5 /* KeychainStore.swift */,
				739260BE9C1108D1B9C338E0 /* Logging */,
				D642D68520AE8AFEEE3FDC37 /* OpenAI */,
				0324C017D45034FF55213425 /* Output */,
				2ADE5C28E4C7BB042B4391EB /* Processing */,
				BC76843FFE9518EB41C63A52 /* Recording */,
				00F51720B2341B464059D3F5 /* Settings */,
				A0235D5B545AFCB54D55CE2E /* Transcription */,
			);
			path = Core;
			sourceTree = "<group>";
		};
		D642D68520AE8AFEEE3FDC37 /* OpenAI */ = {
			isa = PBXGroup;
			children = (
				9694776FC320681A74AFC58C /* OpenAIClient.swift */,
			);
			path = OpenAI;
			sourceTree = "<group>";
		};
/* End PBXGroup section */

/* Begin PBXNativeTarget section */
		9F1D009956C8ADA3F5636127 /* VoiceflowDesktop */ = {
			isa = PBXNativeTarget;
			buildConfigurationList = D5B43BDB6AC110064A2070F9 /* Build configuration list for PBXNativeTarget "VoiceflowDesktop" */;
			buildPhases = (
				0D4FEEC51EC0F0C30492670F /* Sources */,
				BD80591AA0A3E2B643BFAED9 /* Frameworks */,
			);
			buildRules = (
			);
			dependencies = (
			);
			name = VoiceflowDesktop;
			packageProductDependencies = (
				B6D686FB7744045773898F27 /* KeyboardShortcuts */,
			);
			productName = VoiceflowDesktop;
			productReference = F9A38204F9282ADCE15BC018 /* VoiceflowDesktop.app */;
			productType = "com.apple.product-type.application";
		};
/* End PBXNativeTarget section */

/* Begin PBXProject section */
		E955338F88213A9899992B0C /* Project object */ = {
			isa = PBXProject;
			attributes = {
				BuildIndependentTargetsInParallel = YES;
				LastUpgradeCheck = 1500;
				TargetAttributes = {
					9F1D009956C8ADA3F5636127 = {
						DevelopmentTeam = "";
						ProvisioningStyle = Automatic;
					};
				};
			};
			buildConfigurationList = 619A1478D92567A1585F1752 /* Build configuration list for PBXProject "VoiceflowDesktop" */;
			developmentRegion = en;
			hasScannedForEncodings = 0;
			knownRegions = (
				Base,
				en,
			);
			mainGroup = CE084C090587E4F9368728A8;
			minimizedProjectReferenceProxies = 1;
			packageReferences = (
				AB7C04C06BC494B8F30F1BE9 /* XCRemoteSwiftPackageReference "KeyboardShortcuts" */,
			);
			preferredProjectObjectVersion = 77;
			productRefGroup = 1BE7453690BFCF9286A78B35 /* Products */;
			projectDirPath = "";
			projectRoot = "";
			targets = (
				9F1D009956C8ADA3F5636127 /* VoiceflowDesktop */,
			);
		};
/* End PBXProject section */

/* Begin PBXSourcesBuildPhase section */
		0D4FEEC51EC0F0C30492670F /* Sources */ = {
			isa = PBXSourcesBuildPhase;
			buildActionMask = 2147483647;
			files = (
				9625DE809DF647E41737ED3F /* AppDelegate.swift in Sources */,
				4D4F01FC9ACA55E62478A8A9 /* AppInfo.swift in Sources */,
				BFC7F07FDBE91D0B21E5B491 /* AppSettings.swift in Sources */,
				D6A966006881517287550B2A /* Config.swift in Sources */,
				71E1D703CE2BABDD76AA419A /* HistoryStore.swift in Sources */,
				ADA6D209374EF59689E10910 /* KeychainStore.swift in Sources */,
				9BF714C42461818F5C317E3F /* MenuBarController.swift in Sources */,
				3E2FDBF71DC5E575CDFA6014 /* ModeProcessor.swift in Sources */,
				3FA7FB275C280983C9C22AA2 /* OnboardingView.swift in Sources */,
				FC8CA7E3D7E29EEF8E17EBC4 /* OpenAIClient.swift in Sources */,
				9FFDDCED614C4AB971B5FDAB /* OutputService.swift in Sources */,
				5ECE84548F90AFA7E7C65828 /* PermissionsManager.swift in Sources */,
				C81E7932DD337171B42A703D /* RecordingService.swift in Sources */,
				DCF789D429F2BB9CE7DA60B5 /* SettingsService.swift in Sources */,
				4300BB805F5629B16A8659C3 /* SettingsView.swift in Sources */,
				80681A89C12E9E70ADD966D2 /* SettingsViewModel.swift in Sources */,
				08F8F8268F17A6BB579C29A4 /* ShortcutManager.swift in Sources */,
				25DEC9E1B465F313472D7944 /* StatusPanelView.swift in Sources */,
				0777CE5DF1100F079D012FEE /* StatusPanelViewModel.swift in Sources */,
				EB540EAED89116210C1D9FDF /* TranscriptionService.swift in Sources */,
				64EBA98BCC8FD1F558D860C5 /* VoiceflowDesktopApp.swift in Sources */,
			);
			runOnlyForDeploymentPostprocessing = 0;
		};
/* End PBXSourcesBuildPhase section */

/* Begin XCBuildConfiguration section */
		9DBA299765129AE11BA99438 /* Debug */ = {
			isa = XCBuildConfiguration;
			buildSettings = {
				ASSETCATALOG_COMPILER_APPICON_NAME = AppIcon;
				COMBINE_HIDPI_IMAGES = YES;
				INFOPLIST_FILE = VoiceflowDesktop/Resources/Info.plist;
				LD_RUNPATH_SEARCH_PATHS = (
					"$(inherited)",
					"@executable_path/../Frameworks",
				);
				LSUIElement = YES;
				SDKROOT = macosx;
			};
			name = Debug;
		};
		A56F4947F1A614B737FCA600 /* Release */ = {
			isa = XCBuildConfiguration;
			buildSettings = {
				ALWAYS_SEARCH_USER_PATHS = NO;
				CLANG_ANALYZER_NONNULL = YES;
				CLANG_ANALYZER_NUMBER_OBJECT_CONVERSION = YES_AGGRESSIVE;
				CLANG_CXX_LANGUAGE_STANDARD = "gnu++14";
				CLANG_CXX_LIBRARY = "libc++";
				CLANG_ENABLE_MODULES = YES;
				CLANG_ENABLE_OBJC_ARC = YES;
				CLANG_ENABLE_OBJC_WEAK = YES;
				CLANG_WARN_BLOCK_CAPTURE_AUTORELEASING = YES;
				CLANG_WARN_BOOL_CONVERSION = YES;
				CLANG_WARN_COMMA = YES;
				CLANG_WARN_CONSTANT_CONVERSION = YES;
				CLANG_WARN_DEPRECATED_OBJC_IMPLEMENTATIONS = YES;
				CLANG_WARN_DIRECT_OBJC_ISA_USAGE = YES_ERROR;
				CLANG_WARN_DOCUMENTATION_COMMENTS = YES;
				CLANG_WARN_EMPTY_BODY = YES;
				CLANG_WARN_ENUM_CONVERSION = YES;
				CLANG_WARN_INFINITE_RECURSION = YES;
				CLANG_WARN_INT_CONVERSION = YES;
				CLANG_WARN_NON_LITERAL_NULL_CONVERSION = YES;
				CLANG_WARN_OBJC_IMPLICIT_RETAIN_SELF = YES;
				CLANG_WARN_OBJC_LITERAL_CONVERSION = YES;
				CLANG_WARN_OBJC_ROOT_CLASS = YES_ERROR;
				CLANG_WARN_QUOTED_INCLUDE_IN_FRAMEWORK_HEADER = YES;
				CLANG_WARN_RANGE_LOOP_ANALYSIS = YES;
				CLANG_WARN_STRICT_PROTOTYPES = YES;
				CLANG_WARN_SUSPICIOUS_MOVE = YES;
				CLANG_WARN_UNGUARDED_AVAILABILITY = YES_AGGRESSIVE;
				CLANG_WARN_UNREACHABLE_CODE = YES;
				CLANG_WARN__DUPLICATE_METHOD_MATCH = YES;
				CODE_SIGN_ENTITLEMENTS = VoiceflowDesktop/Resources/VoiceflowDesktop.entitlements;
				CODE_SIGN_STYLE = Automatic;
				COPY_PHASE_STRIP = NO;
				CURRENT_PROJECT_VERSION = 5;
				DEBUG_INFORMATION_FORMAT = "dwarf-with-dsym";
				DEVELOPMENT_TEAM = "";
				ENABLE_HARDENED_RUNTIME = YES;
				ENABLE_NS_ASSERTIONS = NO;
				ENABLE_STRICT_OBJC_MSGSEND = YES;
				GCC_C_LANGUAGE_STANDARD = gnu11;
				GCC_NO_COMMON_BLOCKS = YES;
				GCC_WARN_64_TO_32_BIT_CONVERSION = YES;
				GCC_WARN_ABOUT_RETURN_TYPE = YES_ERROR;
				GCC_WARN_UNDECLARED_SELECTOR = YES;
				GCC_WARN_UNINITIALIZED_AUTOS = YES_AGGRESSIVE;
				GCC_WARN_UNUSED_FUNCTION = YES;
				GCC_WARN_UNUSED_VARIABLE = YES;
				INFOPLIST_FILE = VoiceflowDesktop/Resources/Info.plist;
				LD_RUNPATH_SEARCH_PATHS = "$(inherited) @executable_path/../Frameworks";
				MACOSX_DEPLOYMENT_TARGET = 13.0;
				MARKETING_VERSION = 0.3.0;
				MTL_ENABLE_DEBUG_INFO = NO;
				MTL_FAST_MATH = YES;
				PRODUCT_BUNDLE_IDENTIFIER = com.voiceflow.desktop;
				PRODUCT_NAME = "$(TARGET_NAME)";
				SDKROOT = macosx;
				SWIFT_COMPILATION_MODE = wholemodule;
				SWIFT_OPTIMIZATION_LEVEL = "-O";
				SWIFT_VERSION = 5.9;
			};
			name = Release;
		};
		DD09512F3C7990453164315D /* Debug */ = {
			isa = XCBuildConfiguration;
			buildSettings = {
				ALWAYS_SEARCH_USER_PATHS = NO;
				CLANG_ANALYZER_NONNULL = YES;
				CLANG_ANALYZER_NUMBER_OBJECT_CONVERSION = YES_AGGRESSIVE;
				CLANG_CXX_LANGUAGE_STANDARD = "gnu++14";
				CLANG_CXX_LIBRARY = "libc++";
				CLANG_ENABLE_MODULES = YES;
				CLANG_ENABLE_OBJC_ARC = YES;
				CLANG_ENABLE_OBJC_WEAK = YES;
				CLANG_WARN_BLOCK_CAPTURE_AUTORELEASING = YES;
				CLANG_WARN_BOOL_CONVERSION = YES;
				CLANG_WARN_COMMA = YES;
				CLANG_WARN_CONSTANT_CONVERSION = YES;
				CLANG_WARN_DEPRECATED_OBJC_IMPLEMENTATIONS = YES;
				CLANG_WARN_DIRECT_OBJC_ISA_USAGE = YES_ERROR;
				CLANG_WARN_DOCUMENTATION_COMMENTS = YES;
				CLANG_WARN_EMPTY_BODY = YES;
				CLANG_WARN_ENUM_CONVERSION = YES;
				CLANG_WARN_INFINITE_RECURSION = YES;
				CLANG_WARN_INT_CONVERSION = YES;
				CLANG_WARN_NON_LITERAL_NULL_CONVERSION = YES;
				CLANG_WARN_OBJC_IMPLICIT_RETAIN_SELF = YES;
				CLANG_WARN_OBJC_LITERAL_CONVERSION = YES;
				CLANG_WARN_OBJC_ROOT_CLASS = YES_ERROR;
				CLANG_WARN_QUOTED_INCLUDE_IN_FRAMEWORK_HEADER = YES;
				CLANG_WARN_RANGE_LOOP_ANALYSIS = YES;
				CLANG_WARN_STRICT_PROTOTYPES = YES;
				CLANG_WARN_SUSPICIOUS_MOVE = YES;
				CLANG_WARN_UNGUARDED_AVAILABILITY = YES_AGGRESSIVE;
				CLANG_WARN_UNREACHABLE_CODE = YES;
				CLANG_WARN__DUPLICATE_METHOD_MATCH = YES;
				CODE_SIGN_ENTITLEMENTS = VoiceflowDesktop/Resources/VoiceflowDesktop.entitlements;
				CODE_SIGN_STYLE = Automatic;
				COPY_PHASE_STRIP = NO;
				CURRENT_PROJECT_VERSION = 5;
				DEBUG_INFORMATION_FORMAT = dwarf;
				DEVELOPMENT_TEAM = "";
				ENABLE_HARDENED_RUNTIME = YES;
				ENABLE_STRICT_OBJC_MSGSEND = YES;
				ENABLE_TESTABILITY = YES;
				GCC_C_LANGUAGE_STANDARD = gnu11;
				GCC_DYNAMIC_NO_PIC = NO;
				GCC_NO_COMMON_BLOCKS = YES;
				GCC_OPTIMIZATION_LEVEL = 0;
				GCC_PREPROCESSOR_DEFINITIONS = (
					"$(inherited)",
					"DEBUG=1",
				);
				GCC_WARN_64_TO_32_BIT_CONVERSION = YES;
				GCC_WARN_ABOUT_RETURN_TYPE = YES_ERROR;
				GCC_WARN_UNDECLARED_SELECTOR = YES;
				GCC_WARN_UNINITIALIZED_AUTOS = YES_AGGRESSIVE;
				GCC_WARN_UNUSED_FUNCTION = YES;
				GCC_WARN_UNUSED_VARIABLE = YES;
				INFOPLIST_FILE = VoiceflowDesktop/Resources/Info.plist;
				LD_RUNPATH_SEARCH_PATHS = "$(inherited) @executable_path/../Frameworks";
				MACOSX_DEPLOYMENT_TARGET = 13.0;
				MARKETING_VERSION = 0.3.0;
				MTL_ENABLE_DEBUG_INFO = INCLUDE_SOURCE;
				MTL_FAST_MATH = YES;
				ONLY_ACTIVE_ARCH = YES;
				PRODUCT_BUNDLE_IDENTIFIER = com.voiceflow.desktop;
				PRODUCT_NAME = "$(TARGET_NAME)";
				SDKROOT = macosx;
				SWIFT_ACTIVE_COMPILATION_CONDITIONS = DEBUG;
				SWIFT_OPTIMIZATION_LEVEL = "-Onone";
				SWIFT_VERSION = 5.9;
			};
			name = Debug;
		};
		F5829C155F65E51D845B752A /* Release */ = {
			isa = XCBuildConfiguration;
			buildSettings = {
				ASSETCATALOG_COMPILER_APPICON_NAME = AppIcon;
				COMBINE_HIDPI_IMAGES = YES;
				INFOPLIST_FILE = VoiceflowDesktop/Resources/Info.plist;
				LD_RUNPATH_SEARCH_PATHS = (
					"$(inherited)",
					"@executable_path/../Frameworks",
				);
				LSUIElement = YES;
				SDKROOT = macosx;
			};
			name = Release;
		};
/* End XCBuildConfiguration section */

/* Begin XCConfigurationList section */
		619A1478D92567A1585F1752 /* Build configuration list for PBXProject "VoiceflowDesktop" */ = {
			isa = XCConfigurationList;
			buildConfigurations = (
				DD09512F3C7990453164315D /* Debug */,
				A56F4947F1A614B737FCA600 /* Release */,
			);
			defaultConfigurationIsVisible = 0;
			defaultConfigurationName = Debug;
		};
		D5B43BDB6AC110064A2070F9 /* Build configuration list for PBXNativeTarget "VoiceflowDesktop" */ = {
			isa = XCConfigurationList;
			buildConfigurations = (
				9DBA299765129AE11BA99438 /* Debug */,
				F5829C155F65E51D845B752A /* Release */,
			);
			defaultConfigurationIsVisible = 0;
			defaultConfigurationName = Debug;
		};
/* End XCConfigurationList section */

/* Begin XCRemoteSwiftPackageReference section */
		AB7C04C06BC494B8F30F1BE9 /* XCRemoteSwiftPackageReference "KeyboardShortcuts" */ = {
			isa = XCRemoteSwiftPackageReference;
			repositoryURL = "https://github.com/sindresorhus/KeyboardShortcuts";
			requirement = {
				kind = upToNextMajorVersion;
				minimumVersion = 2.0.0;
			};
		};
/* End XCRemoteSwiftPackageReference section */

/* Begin XCSwiftPackageProductDependency section */
		B6D686FB7744045773898F27 /* KeyboardShortcuts */ = {
			isa = XCSwiftPackageProductDependency;
			package = AB7C04C06BC494B8F30F1BE9 /* XCRemoteSwiftPackageReference "KeyboardShortcuts" */;
			productName = KeyboardShortcuts;
		};
/* End XCSwiftPackageProductDependency section */
	};
	rootObject = E955338F88213A9899992B0C /* Project object */;
}
